
Microsoft Visual Studio Solution File, Format Version 12.00
# Visual Studio Version 18
VisualStudioVersion = 18.0.11205.157
MinimumVisualStudioVersion = 10.0.40219.1
Project("{FAE04EC0-301F-11D3-BF4B-00C04F79EFBC}") = "Autoprint.Server", "Autoprint.Server\Autoprint.Server.csproj", "{071BB9F7-5ED4-4566-8D85-B856EF1FD12F}"
EndProject
Project("{FAE04EC0-301F-11D3-BF4B-00C04F79EFBC}") = "Autoprint.Web", "Autoprint.Web\Autoprint.Web.csproj", "{B224A00E-D95B-4428-A59D-558B35789D12}"
EndProject
Project("{FAE04EC0-301F-11D3-BF4B-00C04F79EFBC}") = "Autoprint.Shared", "Autoprint.Shared\Autoprint.Shared.csproj", "{233EFFA8-D172-4352-B17B-3216C8E40535}"
EndProject
Project("{FAE04EC0-301F-11D3-BF4B-00C04F79EFBC}") = "Autoprint.Client", "Autoprint.Client\Autoprint.Client.csproj", "{CEFAB3FB-3F32-4F00-830A-51D4B03D9F9A}"
EndProject
Project("{FAE04EC0-301F-11D3-BF4B-00C04F79EFBC}") = "Autoprint.Service", "Autoprint.Service\Autoprint.Service.csproj", "{C9A11D92-279F-4C3C-8736-5E7B8F7D219D}"
EndProject
Global
	GlobalSection(SolutionConfigurationPlatforms) = preSolution
		Debug|Any CPU = Debug|Any CPU
		Release|Any CPU = Release|Any CPU
	EndGlobalSection
	GlobalSection(ProjectConfigurationPlatforms) = postSolution
		{071BB9F7-5ED4-4566-8D85-B856EF1FD12F}.Debug|Any CPU.ActiveCfg = Debug|Any CPU
		{071BB9F7-5ED4-4566-8D85-B856EF1FD12F}.Debug|Any CPU.Build.0 = Debug|Any CPU
		{071BB9F7-5ED4-4566-8D85-B856EF1FD12F}.Release|Any CPU.ActiveCfg = Release|Any CPU
		{071BB9F7-5ED4-4566-8D85-B856EF1FD12F}.Release|Any CPU.Build.0 = Release|Any CPU
		{B224A00E-D95B-4428-A59D-558B35789D12}.Debug|Any CPU.ActiveCfg = Debug|Any CPU
		{B224A00E-D95B-4428-A59D-558B35789D12}.Debug|Any CPU.Build.0 = Debug|Any CPU
		{B224A00E-D95B-4428-A59D-558B35789D12}.Release|Any CPU.ActiveCfg = Release|Any CPU
		{B224A00E-D95B-4428-A59D-558B35789D12}.Release|Any CPU.Build.0 = Release|Any CPU
		{233EFFA8-D172-4352-B17B-3216C8E40535}.Debug|Any CPU.ActiveCfg = Debug|Any CPU
		{233EFFA8-D172-4352-B17B-3216C8E40535}.Debug|Any CPU.Build.0 = Debug|Any CPU
		{233EFFA8-D172-4352-B17B-3216C8E40535}.Release|Any CPU.ActiveCfg = Release|Any CPU
		{233EFFA8-D172-4352-B17B-3216C8E40535}.Release|Any CPU.Build.0 = Release|Any CPU
		{CEFAB3FB-3F32-4F00-830A-51D4B03D9F9A}.Debug|Any CPU.ActiveCfg = Debug|Any CPU
		{CEFAB3FB-3F32-4F00-830A-51D4B03D9F9A}.Debug|Any CPU.Build.0 = Debug|Any CPU
		{CEFAB3FB-3F32-4F00-830A-51D4B03D9F9A}.Release|Any CPU.ActiveCfg = Release|Any CPU
		{CEFAB3FB-3F32-4F00-830A-51D4B03D9F9A}.Release|Any CPU.Build.0 = Release|Any CPU
		{C9A11D92-279F-4C3C-8736-5E7B8F7D219D}.Debug|Any CPU.ActiveCfg = Debug|Any CPU
		{C9A11D92-279F-4C3C-8736-5E7B8F7D219D}.Debug|Any CPU.Build.0 = Debug|Any CPU
		{C9A11D92-279F-4C3C-8736-5E7B8F7D219D}.Release|Any CPU.ActiveCfg = Release|Any CPU
		{C9A11D92-279F-4C3C-8736-5E7B8F7D219D}.Release|Any CPU.Build.0 = Release|Any CPU
	EndGlobalSection
	GlobalSection(SolutionProperties) = preSolution
		HideSolutionNode = FALSE
	EndGlobalSection
	GlobalSection(ExtensibilityGlobals) = postSolution
		SolutionGuid = {94348F66-B98A-4799-8995-2DCBB691BBF8}
	EndGlobalSection
EndGlobal
